
Microsoft Visual Studio Solution File, Format Version 12.00
# Visual Studio 2012
Project("{FAE04EC0-301F-11D3-BF4B-00C04F79EFBC}") = "OpenXmlSdk.iOS", "OpenXmlSdk.iOS\OpenXmlSdk.iOS.csproj", "{68196A39-C66D-4230-991A-2D0CB6E2E81F}"
EndProject
Project("{FAE04EC0-301F-11D3-BF4B-00C04F79EFBC}") = "OpenXmlSdk.iOS.TestClient", "OpenXmlSdk.iOS.TestClient\OpenXmlSdk.iOS.TestClient.csproj", "{003F1529-46CB-460D-AE56-1FAEC6332F76}"
EndProject
Global
	GlobalSection(SolutionConfigurationPlatforms) = preSolution
		Debug|Any CPU = Debug|Any CPU
		Release|Any CPU = Release|Any CPU
		Debug|iPhoneSimulator = Debug|iPhoneSimulator
		Release|iPhoneSimulator = Release|iPhoneSimulator
		Debug|iPhone = Debug|iPhone
		Release|iPhone = Release|iPhone
		Ad-Hoc|iPhone = Ad-Hoc|iPhone
		AppStore|iPhone = AppStore|iPhone
	EndGlobalSection
	GlobalSection(ProjectConfigurationPlatforms) = postSolution
		{003F1529-46CB-460D-AE56-1FAEC6332F76}.Ad-Hoc|iPhone.ActiveCfg = Ad-Hoc|iPhone
		{003F1529-46CB-460D-AE56-1FAEC6332F76}.Ad-Hoc|iPhone.Build.0 = Ad-Hoc|iPhone
		{003F1529-46CB-460D-AE56-1FAEC6332F76}.AppStore|iPhone.ActiveCfg = AppStore|iPhone
		{003F1529-46CB-460D-AE56-1FAEC6332F76}.AppStore|iPhone.Build.0 = AppStore|iPhone
		{003F1529-46CB-460D-AE56-1FAEC6332F76}.Debug|Any CPU.ActiveCfg = Debug|iPhoneSimulator
		{003F1529-46CB-460D-AE56-1FAEC6332F76}.Debug|Any CPU.Build.0 = Debug|iPhoneSimulator
		{003F1529-46CB-460D-AE56-1FAEC6332F76}.Debug|iPhone.ActiveCfg = Debug|iPhone
		{003F1529-46CB-460D-AE56-1FAEC6332F76}.Debug|iPhone.Build.0 = Debug|iPhone
		{003F1529-46CB-460D-AE56-1FAEC6332F76}.Debug|iPhoneSimulator.ActiveCfg = Debug|iPhoneSimulator
		{003F1529-46CB-460D-AE56-1FAEC6332F76}.Debug|iPhoneSimulator.Build.0 = Debug|iPhoneSimulator
		{003F1529-46CB-460D-AE56-1FAEC6332F76}.Release|Any CPU.ActiveCfg = Release|iPhoneSimulator
		{003F1529-46CB-460D-AE56-1FAEC6332F76}.Release|Any CPU.Build.0 = Release|iPhoneSimulator
		{003F1529-46CB-460D-AE56-1FAEC6332F76}.Release|iPhone.ActiveCfg = Release|iPhone
		{003F1529-46CB-460D-AE56-1FAEC6332F76}.Release|iPhone.Build.0 = Release|iPhone
		{003F1529-46CB-460D-AE56-1FAEC6332F76}.Release|iPhoneSimulator.ActiveCfg = Release|iPhoneSimulator
		{003F1529-46CB-460D-AE56-1FAEC6332F76}.Release|iPhoneSimulator.Build.0 = Release|iPhoneSimulator
		{68196A39-C66D-4230-991A-2D0CB6E2E81F}.Ad-Hoc|iPhone.ActiveCfg = Debug|Any CPU
		{68196A39-C66D-4230-991A-2D0CB6E2E81F}.Ad-Hoc|iPhone.Build.0 = Debug|Any CPU
		{68196A39-C66D-4230-991A-2D0CB6E2E81F}.AppStore|iPhone.ActiveCfg = Debug|Any CPU
		{68196A39-C66D-4230-991A-2D0CB6E2E81F}.AppStore|iPhone.Build.0 = Debug|Any CPU
		{68196A39-C66D-4230-991A-2D0CB6E2E81F}.Debug|Any CPU.ActiveCfg = Debug|Any CPU
		{68196A39-C66D-4230-991A-2D0CB6E2E81F}.Debug|Any CPU.Build.0 = Debug|Any CPU
		{68196A39-C66D-4230-991A-2D0CB6E2E81F}.Debug|iPhone.ActiveCfg = Debug|Any CPU
		{68196A39-C66D-4230-991A-2D0CB6E2E81F}.Debug|iPhone.Build.0 = Debug|Any CPU
		{68196A39-C66D-4230-991A-2D0CB6E2E81F}.Debug|iPhoneSimulator.ActiveCfg = Debug|Any CPU
		{68196A39-C66D-4230-991A-2D0CB6E2E81F}.Debug|iPhoneSimulator.Build.0 = Debug|Any CPU
		{68196A39-C66D-4230-991A-2D0CB6E2E81F}.Release|Any CPU.ActiveCfg = Release|Any CPU
		{68196A39-C66D-4230-991A-2D0CB6E2E81F}.Release|Any CPU.Build.0 = Release|Any CPU
		{68196A39-C66D-4230-991A-2D0CB6E2E81F}.Release|iPhone.ActiveCfg = Release|Any CPU
		{68196A39-C66D-4230-991A-2D0CB6E2E81F}.Release|iPhone.Build.0 = Release|Any CPU
		{68196A39-C66D-4230-991A-2D0CB6E2E81F}.Release|iPhoneSimulator.ActiveCfg = Release|Any CPU
		{68196A39-C66D-4230-991A-2D0CB6E2E81F}.Release|iPhoneSimulator.Build.0 = Release|Any CPU
	EndGlobalSection
EndGlobal
